{
  "version": 4,
  "terraform_version": "1.14.0",
  "serial": 128,
  "lineage": "3322a256-38de-bd4c-4d62-9814c413bf40",
  "outputs": {
    "new_public_ip": {
      "value": "34.47.163.149",
      "type": "string"
    }
  },
  "resources": [
    {
      "mode": "managed",
      "type": "google_compute_address",
      "name": "static_ip_asia",
      "provider": "provider[\"registry.terraform.io/hashicorp/google\"]",
      "instances": [
        {
          "schema_version": 0,
          "attributes": {
            "address": "34.47.163.149",
            "address_type": "EXTERNAL",
            "creation_timestamp": "2025-11-26T11:40:32.424-08:00",
            "description": "",
            "effective_labels": {
              "goog-terraform-provisioned": "true"
            },
            "id": "projects/arafat-468807/regions/asia-south1/addresses/vm-static-ip-asia",
            "ip_version": "",
            "ipv6_endpoint_type": "",
            "label_fingerprint": "vezUS-42LLM=",
            "labels": null,
            "name": "vm-static-ip-asia",
            "network": "",
            "network_tier": "PREMIUM",
            "prefix_length": 0,
            "project": "arafat-468807",
            "purpose": "",
            "region": "asia-south1",
            "self_link": "https://www.googleapis.com/compute/v1/projects/arafat-468807/regions/asia-south1/addresses/vm-static-ip-asia",
            "subnetwork": "",
            "terraform_labels": {
              "goog-terraform-provisioned": "true"
            },
            "timeouts": null,
            "users": []
          },
          "sensitive_attributes": [],
          "identity_schema_version": 0,
          "private": "eyJlMmJmYjczMC1lY2FhLTExZTYtOGY4OC0zNDM2M2JjN2M0YzAiOnsiY3JlYXRlIjoxMjAwMDAwMDAwMDAwLCJkZWxldGUiOjEyMDAwMDAwMDAwMDAsInVwZGF0ZSI6MTIwMDAwMDAwMDAwMH19",
          "create_before_destroy": true
        }
      ]
    },
    {
      "mode": "managed",
      "type": "google_compute_firewall",
      "name": "allow_ssh",
      "provider": "provider[\"registry.terraform.io/hashicorp/google\"]",
      "instances": [
        {
          "schema_version": 1,
          "attributes": {
            "allow": [
              {
                "ports": [
                  "22"
                ],
                "protocol": "tcp"
              }
            ],
            "creation_timestamp": "2025-11-26T11:40:32.096-08:00",
            "deny": [],
            "description": "",
            "destination_ranges": [],
            "direction": "INGRESS",
            "disabled": false,
            "enable_logging": null,
            "id": "projects/arafat-468807/global/firewalls/allow-ssh",
            "log_config": [],
            "name": "allow-ssh",
            "network": "https://www.googleapis.com/compute/v1/projects/arafat-468807/global/networks/default",
            "params": [],
            "priority": 1000,
            "project": "arafat-468807",
            "self_link": "https://www.googleapis.com/compute/v1/projects/arafat-468807/global/firewalls/allow-ssh",
            "source_ranges": [
              "0.0.0.0/0"
            ],
            "source_service_accounts": null,
            "source_tags": null,
            "target_service_accounts": null,
            "target_tags": null,
            "timeouts": null
          },
          "sensitive_attributes": [],
          "identity_schema_version": 0,
          "private": "eyJlMmJmYjczMC1lY2FhLTExZTYtOGY4OC0zNDM2M2JjN2M0YzAiOnsiY3JlYXRlIjoxMjAwMDAwMDAwMDAwLCJkZWxldGUiOjEyMDAwMDAwMDAwMDAsInVwZGF0ZSI6MTIwMDAwMDAwMDAwMH0sInNjaGVtYV92ZXJzaW9uIjoiMSJ9"
        }
      ]
    },
    {
      "mode": "managed",
      "type": "google_compute_firewall",
      "name": "allow_tunnel",
      "provider": "provider[\"registry.terraform.io/hashicorp/google\"]",
      "instances": [
        {
          "schema_version": 1,
          "attributes": {
            "allow": [
              {
                "ports": [
                  "51820"
                ],
                "protocol": "udp"
              },
              {
                "ports": [
                  "7000",
                  "80",
                  "443"
                ],
                "protocol": "tcp"
              }
            ],
            "creation_timestamp": "2025-11-26T11:40:32.114-08:00",
            "deny": [],
            "description": "",
            "destination_ranges": [],
            "direction": "INGRESS",
            "disabled": false,
            "enable_logging": null,
            "id": "projects/arafat-468807/global/firewalls/allow-wireguard-frp",
            "log_config": [],
            "name": "allow-wireguard-frp",
            "network": "https://www.googleapis.com/compute/v1/projects/arafat-468807/global/networks/default",
            "params": [],
            "priority": 1000,
            "project": "arafat-468807",
            "self_link": "https://www.googleapis.com/compute/v1/projects/arafat-468807/global/firewalls/allow-wireguard-frp",
            "source_ranges": [
              "0.0.0.0/0"
            ],
            "source_service_accounts": null,
            "source_tags": null,
            "target_service_accounts": null,
            "target_tags": null,
            "timeouts": null
          },
          "sensitive_attributes": [],
          "identity_schema_version": 0,
          "private": "eyJlMmJmYjczMC1lY2FhLTExZTYtOGY4OC0zNDM2M2JjN2M0YzAiOnsiY3JlYXRlIjoxMjAwMDAwMDAwMDAwLCJkZWxldGUiOjEyMDAwMDAwMDAwMDAsInVwZGF0ZSI6MTIwMDAwMDAwMDAwMH0sInNjaGVtYV92ZXJzaW9uIjoiMSJ9"
        }
      ]
    },
    {
      "mode": "managed",
      "type": "google_compute_instance",
      "name": "app_server",
      "provider": "provider[\"registry.terraform.io/hashicorp/google\"]",
      "instances": [
        {
          "schema_version": 6,
          "attributes": {
            "advanced_machine_features": [],
            "allow_stopping_for_update": null,
            "attached_disk": [],
            "boot_disk": [
              {
                "auto_delete": true,
                "device_name": "persistent-disk-0",
                "disk_encryption_key_raw": "",
                "disk_encryption_key_rsa": "",
                "disk_encryption_key_sha256": "",
                "disk_encryption_service_account": "",
                "force_attach": false,
                "guest_os_features": [
                  "UEFI_COMPATIBLE",
                  "VIRTIO_SCSI_MULTIQUEUE",
                  "GVNIC"
                ],
                "initialize_params": [
                  {
                    "architecture": "X86_64",
                    "enable_confidential_compute": false,
                    "image": "https://www.googleapis.com/compute/v1/projects/debian-cloud/global/images/debian-11-bullseye-v20251111",
                    "labels": {},
                    "provisioned_iops": 0,
                    "provisioned_throughput": 0,
                    "resource_manager_tags": null,
                    "resource_policies": [],
                    "size": 10,
                    "snapshot": "",
                    "source_image_encryption_key": [],
                    "source_snapshot_encryption_key": [],
                    "storage_pool": "",
                    "type": "pd-standard"
                  }
                ],
                "interface": "",
                "kms_key_self_link": "",
                "mode": "READ_WRITE",
                "source": "https://www.googleapis.com/compute/v1/projects/arafat-468807/zones/asia-south1-b/disks/migrated-vm-asia"
              }
            ],
            "can_ip_forward": true,
            "confidential_instance_config": [],
            "cpu_platform": "Intel Broadwell",
            "creation_timestamp": "2025-11-26T11:40:46.562-08:00",
            "current_status": "RUNNING",
            "deletion_protection": false,
            "description": "",
            "desired_status": null,
            "effective_labels": {
              "goog-terraform-provisioned": "true"
            },
            "enable_display": false,
            "guest_accelerator": [],
            "hostname": "",
            "id": "projects/arafat-468807/zones/asia-south1-b/instances/migrated-vm-asia",
            "instance_encryption_key": [],
            "instance_id": "6376999420764547409",
            "key_revocation_action_type": "",
            "label_fingerprint": "vezUS-42LLM=",
            "labels": null,
            "machine_type": "e2-micro",
            "metadata": {
              "ssh-keys": "romelraisul:ssh-rsa AAAAB3NzaC1yc2EAAAADAQABAAACAQCV6YGhDPDA8P35MeaINOpdsHk8asHANoJLsduc5t4uWaXXq40ugar3gSfaRNhSXGGdqR0C7gTgzONAOPgbVjtAre7AWH0NMP4+755FsZToPAuDFWmcp2j45LuHxU5knMQ/2hnDygvJCDl0ZQGiD1+lusXZVBtCWIm45beHNaPMJ5BWZTZECvh4wwCqFDWAVlZwHfQ8oWfSv3AN4zGHOJ5zPmsC8FGsUFjqCVyCtZBLZm69T5ZCNDJzqx4FrJZGzns8/xvxOGAyBEnfUrVJ78zhHD+6eoRt5Sw4xdE/lRsYK17XKWryfGga7qONHgVAIpuFu3p8rCKRYFL1VNix5rAPc/JzIcD5uRf4xPDs+SdBNQaSxDAsFMpY3JsHqxMGlPzRyhCj3R1ekJpI+DtqIws9a2c5Qj6Awuir/vFSyTnyxXmk1p1W6SzFNZzTmEUYx2RyEIwbQ46k82qtVnv/0y03BnKVHzcPGZtXg5/J8xhul+6QqGXu3ginxIBZDov2WJOciW2zH45IGHUAxH3hN9VafVtzso33c1hMwivrpkv4eyoG0Jvrf36l0TPYUKvwtMQywg/DzOR+0qk279a/yNn0sWP4EBPgyR5U0YEUb88zMVWeyyJ2yhXaIROauWzEZ+e2ZCy1t/Bk9eCKjMoIenS/mLZ0+ADWS5LjvhlauZnnuQ== romelraisul@DESKTOP-KGKTHTD\r\n"
            },
            "metadata_fingerprint": "WvaStd8IfBk=",
            "metadata_startup_script": "#!/bin/bash\nset -e\nset -x\n\n# Install WireGuard\napt-get update -y\nDEBIAN_FRONTEND=noninteractive apt-get install -y wireguard iptables-persistent\n\n# Create WireGuard configuration\ncat \u003e /etc/wireguard/wg0.conf \u003c\u003c EOF\n[Interface]\nAddress = 10.10.0.1/24\nSaveConfig = true\nPrivateKey = EOuT8c5vOtemy/3HgdcIQx8FiSLavjR69iNpSKzBSXI=\nListenPort = 51820\n\n[Peer]\nPublicKey = zNrf3v6qlYYzD4BCXhE3iEYwA/Tz/O92mamNikKQqBQ=\nAllowedIPs = 10.10.0.2/32\nEOF\n\n# Enable IP Forwarding\necho \"net.ipv4.ip_forward=1\" \u003e /etc/sysctl.d/99-wireguard.conf\nsysctl -p /etc/sysctl.d/99-wireguard.conf\n\n# Configure NAT\nETH_INTERFACE=$(ip -o -4 route show to default | awk '{print $5}')\niptables -A FORWARD -i wg0 -j ACCEPT\niptables -t nat -A POSTROUTING -o $ETH_INTERFACE -j MASQUERADE\nnetfilter-persistent save\n\n# Enable and start WireGuard service\nsystemctl enable wg-quick@wg0\nsystemctl start wg-quick@wg0\n",
            "min_cpu_platform": "",
            "name": "migrated-vm-asia",
            "network_interface": [
              {
                "access_config": [
                  {
                    "nat_ip": "34.47.163.149",
                    "network_tier": "PREMIUM",
                    "public_ptr_domain_name": ""
                  }
                ],
                "alias_ip_range": [],
                "internal_ipv6_prefix_length": 0,
                "ipv6_access_config": [],
                "ipv6_access_type": "",
                "ipv6_address": "",
                "name": "nic0",
                "network": "https://www.googleapis.com/compute/v1/projects/arafat-468807/global/networks/default",
                "network_attachment": "",
                "network_ip": "10.160.0.14",
                "nic_type": "",
                "queue_count": 0,
                "stack_type": "IPV4_ONLY",
                "subnetwork": "https://www.googleapis.com/compute/v1/projects/arafat-468807/regions/asia-south1/subnetworks/default",
                "subnetwork_project": "arafat-468807"
              }
            ],
            "network_performance_config": [],
            "params": [],
            "project": "arafat-468807",
            "reservation_affinity": [],
            "resource_policies": null,
            "scheduling": [
              {
                "automatic_restart": true,
                "availability_domain": 0,
                "instance_termination_action": "",
                "local_ssd_recovery_timeout": [],
                "max_run_duration": [],
                "min_node_cpus": 0,
                "node_affinities": [],
                "on_host_maintenance": "MIGRATE",
                "on_instance_stop_action": [],
                "preemptible": false,
                "provisioning_model": "STANDARD",
                "termination_time": ""
              }
            ],
            "scratch_disk": [],
            "self_link": "https://www.googleapis.com/compute/v1/projects/arafat-468807/zones/asia-south1-b/instances/migrated-vm-asia",
            "service_account": [
              {
                "email": "184510023495-compute@developer.gserviceaccount.com",
                "scopes": [
                  "https://www.googleapis.com/auth/cloud-platform"
                ]
              }
            ],
            "shielded_instance_config": [
              {
                "enable_integrity_monitoring": true,
                "enable_secure_boot": false,
                "enable_vtpm": true
              }
            ],
            "tags": null,
            "tags_fingerprint": "42WmSpB8rSM=",
            "terraform_labels": {
              "goog-terraform-provisioned": "true"
            },
            "timeouts": null,
            "zone": "asia-south1-b"
          },
          "sensitive_attributes": [
            [
              {
                "type": "get_attr",
                "value": "boot_disk"
              },
              {
                "type": "index",
                "value": {
                  "value": 0,
                  "type": "number"
                }
              },
              {
                "type": "get_attr",
                "value": "disk_encryption_key_raw"
              }
            ],
            [
              {
                "type": "get_attr",
                "value": "boot_disk"
              },
              {
                "type": "index",
                "value": {
                  "value": 0,
                  "type": "number"
                }
              },
              {
                "type": "get_attr",
                "value": "disk_encryption_key_rsa"
              }
            ]
          ],
          "identity_schema_version": 0,
          "private": "eyJlMmJmYjczMC1lY2FhLTExZTYtOGY4OC0zNDM2M2JjN2M0YzAiOnsiY3JlYXRlIjoxMjAwMDAwMDAwMDAwLCJkZWxldGUiOjEyMDAwMDAwMDAwMDAsInVwZGF0ZSI6MTIwMDAwMDAwMDAwMH0sInNjaGVtYV92ZXJzaW9uIjoiNiJ9",
          "dependencies": [
            "google_compute_address.static_ip_asia"
          ],
          "create_before_destroy": true
        }
      ]
    }
  ],
  "check_results": null
}
